<?xml version="1.0" encoding="utf-8"?>
<Project ToolsVersion="4.0" xmlns="http://schemas.microsoft.com/developer/msbuild/2003">
  <ItemGroup>
    <ClCompile Include="DebugInfo.cpp" />
    <ClCompile Include="FreeType.cpp" />
    <ClCompile Include="GameObject.cpp" />
    <ClCompile Include="kgeUtils.cpp" />
    <ClCompile Include="Main.cpp" />
    <ClCompile Include="win32_window.cpp" />
    <ClCompile Include="Camera.cpp" />
    <ClCompile Include="GameLoop.cpp" />
    <ClCompile Include="kgeMatrix.cpp" />
    <ClCompile Include="kgeVect.cpp" />
    <ClCompile Include="Loop.cpp" />
    <ClCompile Include="MenuLoop.cpp" />
    <ClCompile Include="LoopManager.cpp" />
    <ClCompile Include="GO_Racer.cpp" />
    <ClCompile Include="SplashLoop.cpp" />
    <ClCompile Include="FinishLoop.cpp" />
    <ClCompile Include="OptionsLoop.cpp" />
    <ClCompile Include="InstructionsLoop.cpp" />
  </ItemGroup>
  <ItemGroup>
    <ClInclude Include="FreeType.h" />
    <ClInclude Include="DebugInfo.h" />
    <ClInclude Include="GameObject.h" />
    <ClInclude Include="kgeUtils.h" />
    <ClInclude Include="Main.h" />
    <ClInclude Include="resource.h" />
    <ClInclude Include="Image_Loading\nvImage.h" />
    <ClInclude Include="win32_window.h" />
    <ClInclude Include="InputStates.h" />
    <ClInclude Include="kgeGeometry.h" />
    <ClInclude Include="Camera.h" />
    <ClInclude Include="GameLoop.h" />
    <ClInclude Include="kgeMatrix.h" />
    <ClInclude Include="kgeVect.h" />
    <ClInclude Include="RaceData.h" />
    <ClInclude Include="Loop.h" />
    <ClInclude Include="MenuLoop.h" />
    <ClInclude Include="LoopManager.h" />
    <ClInclude Include="LoopManagerOSR.h" />
    <ClInclude Include="Scene.h" />
    <ClInclude Include="RaceScene.h" />
    <ClInclude Include="GO_Racer.h" />
    <ClInclude Include="SplashLoop.h" />
    <ClInclude Include="GameData.h" />
    <ClInclude Include="FinishLoop.h" />
    <ClInclude Include="OptionsLoop.h" />
    <ClInclude Include="InstructionsLoop.h" />
  </ItemGroup>
  <ItemGroup>
    <ResourceCompile Include="firstOpenGL.rc" />
  </ItemGroup>
</Project>