<?xml version="1.0" encoding="utf-8"?>
<Project ToolsVersion="4.0" xmlns="http://schemas.microsoft.com/developer/msbuild/2003">
  <ItemGroup>
    <ClCompile Include="DebugInfo.cpp" />
    <ClCompile Include="FreeType.cpp" />
    <ClCompile Include="gameloop.cpp" />
    <ClCompile Include="GameObject.cpp" />
    <ClCompile Include="kgeUtils.cpp" />
    <ClCompile Include="Main.cpp" />
    <ClCompile Include="win32_window.cpp" />
  </ItemGroup>
  <ItemGroup>
    <ClInclude Include="FreeType.h" />
    <ClInclude Include="gameloop.h" />
    <ClInclude Include="DebugInfo.h" />
    <ClInclude Include="GameObject.h" />
    <ClInclude Include="kgeUtils.h" />
    <ClInclude Include="Main.h" />
    <ClInclude Include="resource.h" />
    <ClInclude Include="Image_Loading\nvImage.h" />
    <ClInclude Include="win32_window.h" />
  </ItemGroup>
  <ItemGroup>
    <ResourceCompile Include="firstOpenGL.rc" />
  </ItemGroup>
</Project>